{
  "name": "@unicode-org/jira-updater",
  "version": "1.0.1",
  "lockfileVersion": 3,
  "requires": true,
  "packages": {
    "": {
      "name": "@unicode-org/jira-updater",
      "version": "1.0.1",
      "license": "Unicode-3.0",
      "dependencies": {
        "jira.js": "^6.1.0"
      },
      "bin": {
        "cldr-jira-updater": "update-jira.mjs"
      }
    },
    "node_modules/jira.js": {
      "version": "6.1.0",
      "resolved": "https://registry.npmjs.org/jira.js/-/jira.js-6.1.0.tgz",
      "integrity": "sha512-AHG75xR/4U5vHVB8dssndHgQ0O4P1oi2WFt/Q/oNzncgKeeiVXq6UDzJBDmWyrNDaYsJfIOWYp+dmdjcCmO7PA==",
      "license": "MIT",
      "dependencies": {
        "zod": "^4.4.3"
      },
      "engines": {
        "node": ">=22"
      }
    },
    "node_modules/zod": {
      "version": "4.4.3",
      "resolved": "https://registry.npmjs.org/zod/-/zod-4.4.3.tgz",
      "integrity": "sha512-ytENFjIJFl2UwYglde2jchW2Hwm4GJFLDiSXWdTrJQBIN9Fcyp7n4DhxJEiWNAJMV1/BqWfW/kkg71UDcHJyTQ==",
      "license": "MIT",
      "funding": {
        "url": "https://github.com/sponsors/colinhacks"
      }
    }
  }
}
